
Microsoft Visual Studio Solution File, Format Version 12.00
# Visual Studio Version 16
VisualStudioVersion = 16.0.30225.117
MinimumVisualStudioVersion = 10.0.40219.1
Project("{FAE04EC0-301F-11D3-BF4B-00C04F79EFBC}") = "Threading", "Threading\Threading.csproj", "{DEBF663B-D194-4014-9482-5326E060D2CB}"
EndProject
Project("{FAE04EC0-301F-11D3-BF4B-00C04F79EFBC}") = "Tasks", "Tasks\Tasks.csproj", "{8EF163E9-6E5E-4772-B966-42B089FFC062}"
EndProject
Project("{FAE04EC0-301F-11D3-BF4B-00C04F79EFBC}") = "TagsConverter", "TagsConverter\TagsConverter.csproj", "{87FF199D-1141-41AF-974F-4FA5E688E30A}"
EndProject
Project("{FAE04EC0-301F-11D3-BF4B-00C04F79EFBC}") = "MyDocking", "MyDocking\MyDocking.csproj", "{32A304DC-A8E6-44D6-ACFE-5627E53EBD77}"
EndProject
Project("{FAE04EC0-301F-11D3-BF4B-00C04F79EFBC}") = "ModbusPollTest", "ModbusPollTest\ModbusPollTest.csproj", "{E273BBAC-2FC6-497B-A95E-4D096A597C59}"
EndProject
Project("{FAE04EC0-301F-11D3-BF4B-00C04F79EFBC}") = "NeuralNetwork", "NeuralNetwork\NeuralNetwork.csproj", "{11C89999-DFF2-48AD-A524-FD09449DD93D}"
EndProject
Project("{FAE04EC0-301F-11D3-BF4B-00C04F79EFBC}") = "DrawingForms", "DrawingForms\DrawingForms.csproj", "{32E9BE69-259F-407D-A9F5-343FAC71D2C6}"
EndProject
Project("{FAE04EC0-301F-11D3-BF4B-00C04F79EFBC}") = "StrategyPattern", "StrategyPattern\StrategyPattern.csproj", "{13B5E1BC-3645-4A66-B3A4-79E418ACD250}"
EndProject
Project("{FAE04EC0-301F-11D3-BF4B-00C04F79EFBC}") = "DecoratorPattern", "DecoratorPattern\DecoratorPattern.csproj", "{06C601B3-497A-421E-A1A3-0BDF9340B148}"
EndProject
Project("{FAE04EC0-301F-11D3-BF4B-00C04F79EFBC}") = "FactoryPattern", "FactoryPattern\FactoryPattern.csproj", "{85B7D75D-BD56-4C34-A3BA-2764797D61D2}"
EndProject
Project("{FAE04EC0-301F-11D3-BF4B-00C04F79EFBC}") = "CommandPattern", "CommandPattern\CommandPattern.csproj", "{78033C0B-A97B-4F44-9012-58A3F5C0EFAA}"
EndProject
Project("{FAE04EC0-301F-11D3-BF4B-00C04F79EFBC}") = "WPFDrawing", "WPFDrawing\WPFDrawing.csproj", "{D502A5AE-EA26-4FA4-9F15-ED7DD6D527BF}"
EndProject
Project("{FAE04EC0-301F-11D3-BF4B-00C04F79EFBC}") = "OpenGLDrawing", "OpenGLDrawing\OpenGLDrawing.csproj", "{E4FE63B1-01D8-4AAE-8D08-325942443C5A}"
EndProject
Project("{FAE04EC0-301F-11D3-BF4B-00C04F79EFBC}") = "ConsoleApp1", "ConsoleApp1\ConsoleApp1.csproj", "{C17C98ED-5E5D-4F8E-98B6-3422AE9BEF20}"
EndProject
Project("{FAE04EC0-301F-11D3-BF4B-00C04F79EFBC}") = "BrainTrain1", "BrainTrain1\BrainTrain1.csproj", "{BDBDED3C-81D7-425B-8027-31D8A60BB9AC}"
EndProject
Project("{FAE04EC0-301F-11D3-BF4B-00C04F79EFBC}") = "TasksNForms", "TasksNForms\TasksNForms.csproj", "{83A13C73-4B0C-47F5-8AA8-8BDB0B45EE6D}"
EndProject
Project("{FAE04EC0-301F-11D3-BF4B-00C04F79EFBC}") = "DrawingVisualTesting", "DrawingVisualTesting\DrawingVisualTesting.csproj", "{CF3D0318-33E3-4846-BAFA-94693D7C7D12}"
EndProject
Project("{FAE04EC0-301F-11D3-BF4B-00C04F79EFBC}") = "NAChart", "NAChart\NAChart.csproj", "{060C9E93-BC65-46F1-AA19-13D16A139269}"
EndProject
Project("{FAE04EC0-301F-11D3-BF4B-00C04F79EFBC}") = "VirtualKeyboard", "VirtualKeyboard\VirtualKeyboard.csproj", "{E4A8F21E-BA9A-4F50-8E66-AD8EF11B2572}"
EndProject
Project("{FAE04EC0-301F-11D3-BF4B-00C04F79EFBC}") = "TestRecursion", "TestRecursion\TestRecursion.csproj", "{9A3F78CA-F43C-4A72-9565-0B6AC0EAA90C}"
EndProject
Project("{8BC9CEB8-8B4A-11D0-8D11-00A0C91BC942}") = "NewtonSolver", "NewtonSolver\NewtonSolver.vcxproj", "{E51DE4AE-4942-4BE1-A922-40C9FC0ABB8D}"
EndProject
Project("{FAE04EC0-301F-11D3-BF4B-00C04F79EFBC}") = "MouseEvent", "MouseEvent\MouseEvent.csproj", "{BBED12A7-B381-4C65-AF28-1F89C88AA46C}"
EndProject
Project("{FAE04EC0-301F-11D3-BF4B-00C04F79EFBC}") = "Testing", "Testing\Testing.csproj", "{9376CF30-9900-4C46-82B9-70C9416D4577}"
EndProject
Project("{FAE04EC0-301F-11D3-BF4B-00C04F79EFBC}") = "Terminal", "Terminal\Terminal.csproj", "{27A9BF4B-2C64-444A-BCF4-05D1BC365C84}"
EndProject
Project("{FAE04EC0-301F-11D3-BF4B-00C04F79EFBC}") = "OverlayCross", "OverlayCross\OverlayCross.csproj", "{BF7AF3BB-26A0-485A-A58F-7D3E29FF4237}"
EndProject
Global
	GlobalSection(SolutionConfigurationPlatforms) = preSolution
		Debug|Any CPU = Debug|Any CPU
		Debug|x64 = Debug|x64
		Debug|x86 = Debug|x86
		Release|Any CPU = Release|Any CPU
		Release|x64 = Release|x64
		Release|x86 = Release|x86
	EndGlobalSection
	GlobalSection(ProjectConfigurationPlatforms) = postSolution
		{DEBF663B-D194-4014-9482-5326E060D2CB}.Debug|Any CPU.ActiveCfg = Debug|Any CPU
		{DEBF663B-D194-4014-9482-5326E060D2CB}.Debug|Any CPU.Build.0 = Debug|Any CPU
		{DEBF663B-D194-4014-9482-5326E060D2CB}.Debug|x64.ActiveCfg = Debug|Any CPU
		{DEBF663B-D194-4014-9482-5326E060D2CB}.Debug|x64.Build.0 = Debug|Any CPU
		{DEBF663B-D194-4014-9482-5326E060D2CB}.Debug|x86.ActiveCfg = Debug|Any CPU
		{DEBF663B-D194-4014-9482-5326E060D2CB}.Debug|x86.Build.0 = Debug|Any CPU
		{DEBF663B-D194-4014-9482-5326E060D2CB}.Release|Any CPU.ActiveCfg = Release|Any CPU
		{DEBF663B-D194-4014-9482-5326E060D2CB}.Release|Any CPU.Build.0 = Release|Any CPU
		{DEBF663B-D194-4014-9482-5326E060D2CB}.Release|x64.ActiveCfg = Release|Any CPU
		{DEBF663B-D194-4014-9482-5326E060D2CB}.Release|x64.Build.0 = Release|Any CPU
		{DEBF663B-D194-4014-9482-5326E060D2CB}.Release|x86.ActiveCfg = Release|Any CPU
		{DEBF663B-D194-4014-9482-5326E060D2CB}.Release|x86.Build.0 = Release|Any CPU
		{8EF163E9-6E5E-4772-B966-42B089FFC062}.Debug|Any CPU.ActiveCfg = Debug|Any CPU
		{8EF163E9-6E5E-4772-B966-42B089FFC062}.Debug|Any CPU.Build.0 = Debug|Any CPU
		{8EF163E9-6E5E-4772-B966-42B089FFC062}.Debug|x64.ActiveCfg = Debug|Any CPU
		{8EF163E9-6E5E-4772-B966-42B089FFC062}.Debug|x64.Build.0 = Debug|Any CPU
		{8EF163E9-6E5E-4772-B966-42B089FFC062}.Debug|x86.ActiveCfg = Debug|Any CPU
		{8EF163E9-6E5E-4772-B966-42B089FFC062}.Debug|x86.Build.0 = Debug|Any CPU
		{8EF163E9-6E5E-4772-B966-42B089FFC062}.Release|Any CPU.ActiveCfg = Release|Any CPU
		{8EF163E9-6E5E-4772-B966-42B089FFC062}.Release|Any CPU.Build.0 = Release|Any CPU
		{8EF163E9-6E5E-4772-B966-42B089FFC062}.Release|x64.ActiveCfg = Release|Any CPU
		{8EF163E9-6E5E-4772-B966-42B089FFC062}.Release|x64.Build.0 = Release|Any CPU
		{8EF163E9-6E5E-4772-B966-42B089FFC062}.Release|x86.ActiveCfg = Release|Any CPU
		{8EF163E9-6E5E-4772-B966-42B089FFC062}.Release|x86.Build.0 = Release|Any CPU
		{87FF199D-1141-41AF-974F-4FA5E688E30A}.Debug|Any CPU.ActiveCfg = Debug|Any CPU
		{87FF199D-1141-41AF-974F-4FA5E688E30A}.Debug|Any CPU.Build.0 = Debug|Any CPU
		{87FF199D-1141-41AF-974F-4FA5E688E30A}.Debug|x64.ActiveCfg = Debug|Any CPU
		{87FF199D-1141-41AF-974F-4FA5E688E30A}.Debug|x64.Build.0 = Debug|Any CPU
		{87FF199D-1141-41AF-974F-4FA5E688E30A}.Debug|x86.ActiveCfg = Debug|Any CPU
		{87FF199D-1141-41AF-974F-4FA5E688E30A}.Debug|x86.Build.0 = Debug|Any CPU
		{87FF199D-1141-41AF-974F-4FA5E688E30A}.Release|Any CPU.ActiveCfg = Release|Any CPU
		{87FF199D-1141-41AF-974F-4FA5E688E30A}.Release|Any CPU.Build.0 = Release|Any CPU
		{87FF199D-1141-41AF-974F-4FA5E688E30A}.Release|x64.ActiveCfg = Release|Any CPU
		{87FF199D-1141-41AF-974F-4FA5E688E30A}.Release|x64.Build.0 = Release|Any CPU
		{87FF199D-1141-41AF-974F-4FA5E688E30A}.Release|x86.ActiveCfg = Release|Any CPU
		{87FF199D-1141-41AF-974F-4FA5E688E30A}.Release|x86.Build.0 = Release|Any CPU
		{32A304DC-A8E6-44D6-ACFE-5627E53EBD77}.Debug|Any CPU.ActiveCfg = Debug|Any CPU
		{32A304DC-A8E6-44D6-ACFE-5627E53EBD77}.Debug|Any CPU.Build.0 = Debug|Any CPU
		{32A304DC-A8E6-44D6-ACFE-5627E53EBD77}.Debug|x64.ActiveCfg = Debug|Any CPU
		{32A304DC-A8E6-44D6-ACFE-5627E53EBD77}.Debug|x64.Build.0 = Debug|Any CPU
		{32A304DC-A8E6-44D6-ACFE-5627E53EBD77}.Debug|x86.ActiveCfg = Debug|Any CPU
		{32A304DC-A8E6-44D6-ACFE-5627E53EBD77}.Debug|x86.Build.0 = Debug|Any CPU
		{32A304DC-A8E6-44D6-ACFE-5627E53EBD77}.Release|Any CPU.ActiveCfg = Release|Any CPU
		{32A304DC-A8E6-44D6-ACFE-5627E53EBD77}.Release|Any CPU.Build.0 = Release|Any CPU
		{32A304DC-A8E6-44D6-ACFE-5627E53EBD77}.Release|x64.ActiveCfg = Release|Any CPU
		{32A304DC-A8E6-44D6-ACFE-5627E53EBD77}.Release|x64.Build.0 = Release|Any CPU
		{32A304DC-A8E6-44D6-ACFE-5627E53EBD77}.Release|x86.ActiveCfg = Release|Any CPU
		{32A304DC-A8E6-44D6-ACFE-5627E53EBD77}.Release|x86.Build.0 = Release|Any CPU
		{E273BBAC-2FC6-497B-A95E-4D096A597C59}.Debug|Any CPU.ActiveCfg = Debug|Any CPU
		{E273BBAC-2FC6-497B-A95E-4D096A597C59}.Debug|Any CPU.Build.0 = Debug|Any CPU
		{E273BBAC-2FC6-497B-A95E-4D096A597C59}.Debug|x64.ActiveCfg = Debug|Any CPU
		{E273BBAC-2FC6-497B-A95E-4D096A597C59}.Debug|x64.Build.0 = Debug|Any CPU
		{E273BBAC-2FC6-497B-A95E-4D096A597C59}.Debug|x86.ActiveCfg = Debug|Any CPU
		{E273BBAC-2FC6-497B-A95E-4D096A597C59}.Debug|x86.Build.0 = Debug|Any CPU
		{E273BBAC-2FC6-497B-A95E-4D096A597C59}.Release|Any CPU.ActiveCfg = Release|Any CPU
		{E273BBAC-2FC6-497B-A95E-4D096A597C59}.Release|Any CPU.Build.0 = Release|Any CPU
		{E273BBAC-2FC6-497B-A95E-4D096A597C59}.Release|x64.ActiveCfg = Release|Any CPU
		{E273BBAC-2FC6-497B-A95E-4D096A597C59}.Release|x64.Build.0 = Release|Any CPU
		{E273BBAC-2FC6-497B-A95E-4D096A597C59}.Release|x86.ActiveCfg = Release|Any CPU
		{E273BBAC-2FC6-497B-A95E-4D096A597C59}.Release|x86.Build.0 = Release|Any CPU
		{11C89999-DFF2-48AD-A524-FD09449DD93D}.Debug|Any CPU.ActiveCfg = Debug|Any CPU
		{11C89999-DFF2-48AD-A524-FD09449DD93D}.Debug|Any CPU.Build.0 = Debug|Any CPU
		{11C89999-DFF2-48AD-A524-FD09449DD93D}.Debug|x64.ActiveCfg = Debug|Any CPU
		{11C89999-DFF2-48AD-A524-FD09449DD93D}.Debug|x64.Build.0 = Debug|Any CPU
		{11C89999-DFF2-48AD-A524-FD09449DD93D}.Debug|x86.ActiveCfg = Debug|Any CPU
		{11C89999-DFF2-48AD-A524-FD09449DD93D}.Debug|x86.Build.0 = Debug|Any CPU
		{11C89999-DFF2-48AD-A524-FD09449DD93D}.Release|Any CPU.ActiveCfg = Release|Any CPU
		{11C89999-DFF2-48AD-A524-FD09449DD93D}.Release|Any CPU.Build.0 = Release|Any CPU
		{11C89999-DFF2-48AD-A524-FD09449DD93D}.Release|x64.ActiveCfg = Release|Any CPU
		{11C89999-DFF2-48AD-A524-FD09449DD93D}.Release|x64.Build.0 = Release|Any CPU
		{11C89999-DFF2-48AD-A524-FD09449DD93D}.Release|x86.ActiveCfg = Release|Any CPU
		{11C89999-DFF2-48AD-A524-FD09449DD93D}.Release|x86.Build.0 = Release|Any CPU
		{32E9BE69-259F-407D-A9F5-343FAC71D2C6}.Debug|Any CPU.ActiveCfg = Debug|Any CPU
		{32E9BE69-259F-407D-A9F5-343FAC71D2C6}.Debug|Any CPU.Build.0 = Debug|Any CPU
		{32E9BE69-259F-407D-A9F5-343FAC71D2C6}.Debug|x64.ActiveCfg = Debug|Any CPU
		{32E9BE69-259F-407D-A9F5-343FAC71D2C6}.Debug|x64.Build.0 = Debug|Any CPU
		{32E9BE69-259F-407D-A9F5-343FAC71D2C6}.Debug|x86.ActiveCfg = Debug|Any CPU
		{32E9BE69-259F-407D-A9F5-343FAC71D2C6}.Debug|x86.Build.0 = Debug|Any CPU
		{32E9BE69-259F-407D-A9F5-343FAC71D2C6}.Release|Any CPU.ActiveCfg = Release|Any CPU
		{32E9BE69-259F-407D-A9F5-343FAC71D2C6}.Release|Any CPU.Build.0 = Release|Any CPU
		{32E9BE69-259F-407D-A9F5-343FAC71D2C6}.Release|x64.ActiveCfg = Release|Any CPU
		{32E9BE69-259F-407D-A9F5-343FAC71D2C6}.Release|x64.Build.0 = Release|Any CPU
		{32E9BE69-259F-407D-A9F5-343FAC71D2C6}.Release|x86.ActiveCfg = Release|Any CPU
		{32E9BE69-259F-407D-A9F5-343FAC71D2C6}.Release|x86.Build.0 = Release|Any CPU
		{13B5E1BC-3645-4A66-B3A4-79E418ACD250}.Debug|Any CPU.ActiveCfg = Debug|Any CPU
		{13B5E1BC-3645-4A66-B3A4-79E418ACD250}.Debug|Any CPU.Build.0 = Debug|Any CPU
		{13B5E1BC-3645-4A66-B3A4-79E418ACD250}.Debug|x64.ActiveCfg = Debug|Any CPU
		{13B5E1BC-3645-4A66-B3A4-79E418ACD250}.Debug|x64.Build.0 = Debug|Any CPU
		{13B5E1BC-3645-4A66-B3A4-79E418ACD250}.Debug|x86.ActiveCfg = Debug|Any CPU
		{13B5E1BC-3645-4A66-B3A4-79E418ACD250}.Debug|x86.Build.0 = Debug|Any CPU
		{13B5E1BC-3645-4A66-B3A4-79E418ACD250}.Release|Any CPU.ActiveCfg = Release|Any CPU
		{13B5E1BC-3645-4A66-B3A4-79E418ACD250}.Release|Any CPU.Build.0 = Release|Any CPU
		{13B5E1BC-3645-4A66-B3A4-79E418ACD250}.Release|x64.ActiveCfg = Release|Any CPU
		{13B5E1BC-3645-4A66-B3A4-79E418ACD250}.Release|x64.Build.0 = Release|Any CPU
		{13B5E1BC-3645-4A66-B3A4-79E418ACD250}.Release|x86.ActiveCfg = Release|Any CPU
		{13B5E1BC-3645-4A66-B3A4-79E418ACD250}.Release|x86.Build.0 = Release|Any CPU
		{06C601B3-497A-421E-A1A3-0BDF9340B148}.Debug|Any CPU.ActiveCfg = Debug|Any CPU
		{06C601B3-497A-421E-A1A3-0BDF9340B148}.Debug|Any CPU.Build.0 = Debug|Any CPU
		{06C601B3-497A-421E-A1A3-0BDF9340B148}.Debug|x64.ActiveCfg = Debug|Any CPU
		{06C601B3-497A-421E-A1A3-0BDF9340B148}.Debug|x64.Build.0 = Debug|Any CPU
		{06C601B3-497A-421E-A1A3-0BDF9340B148}.Debug|x86.ActiveCfg = Debug|Any CPU
		{06C601B3-497A-421E-A1A3-0BDF9340B148}.Debug|x86.Build.0 = Debug|Any CPU
		{06C601B3-497A-421E-A1A3-0BDF9340B148}.Release|Any CPU.ActiveCfg = Release|Any CPU
		{06C601B3-497A-421E-A1A3-0BDF9340B148}.Release|Any CPU.Build.0 = Release|Any CPU
		{06C601B3-497A-421E-A1A3-0BDF9340B148}.Release|x64.ActiveCfg = Release|Any CPU
		{06C601B3-497A-421E-A1A3-0BDF9340B148}.Release|x64.Build.0 = Release|Any CPU
		{06C601B3-497A-421E-A1A3-0BDF9340B148}.Release|x86.ActiveCfg = Release|Any CPU
		{06C601B3-497A-421E-A1A3-0BDF9340B148}.Release|x86.Build.0 = Release|Any CPU
		{85B7D75D-BD56-4C34-A3BA-2764797D61D2}.Debug|Any CPU.ActiveCfg = Debug|Any CPU
		{85B7D75D-BD56-4C34-A3BA-2764797D61D2}.Debug|Any CPU.Build.0 = Debug|Any CPU
		{85B7D75D-BD56-4C34-A3BA-2764797D61D2}.Debug|x64.ActiveCfg = Debug|Any CPU
		{85B7D75D-BD56-4C34-A3BA-2764797D61D2}.Debug|x64.Build.0 = Debug|Any CPU
		{85B7D75D-BD56-4C34-A3BA-2764797D61D2}.Debug|x86.ActiveCfg = Debug|Any CPU
		{85B7D75D-BD56-4C34-A3BA-2764797D61D2}.Debug|x86.Build.0 = Debug|Any CPU
		{85B7D75D-BD56-4C34-A3BA-2764797D61D2}.Release|Any CPU.ActiveCfg = Release|Any CPU
		{85B7D75D-BD56-4C34-A3BA-2764797D61D2}.Release|Any CPU.Build.0 = Release|Any CPU
		{85B7D75D-BD56-4C34-A3BA-2764797D61D2}.Release|x64.ActiveCfg = Release|Any CPU
		{85B7D75D-BD56-4C34-A3BA-2764797D61D2}.Release|x64.Build.0 = Release|Any CPU
		{85B7D75D-BD56-4C34-A3BA-2764797D61D2}.Release|x86.ActiveCfg = Release|Any CPU
		{85B7D75D-BD56-4C34-A3BA-2764797D61D2}.Release|x86.Build.0 = Release|Any CPU
		{78033C0B-A97B-4F44-9012-58A3F5C0EFAA}.Debug|Any CPU.ActiveCfg = Debug|Any CPU
		{78033C0B-A97B-4F44-9012-58A3F5C0EFAA}.Debug|Any CPU.Build.0 = Debug|Any CPU
		{78033C0B-A97B-4F44-9012-58A3F5C0EFAA}.Debug|x64.ActiveCfg = Debug|Any CPU
		{78033C0B-A97B-4F44-9012-58A3F5C0EFAA}.Debug|x64.Build.0 = Debug|Any CPU
		{78033C0B-A97B-4F44-9012-58A3F5C0EFAA}.Debug|x86.ActiveCfg = Debug|Any CPU
		{78033C0B-A97B-4F44-9012-58A3F5C0EFAA}.Debug|x86.Build.0 = Debug|Any CPU
		{78033C0B-A97B-4F44-9012-58A3F5C0EFAA}.Release|Any CPU.ActiveCfg = Release|Any CPU
		{78033C0B-A97B-4F44-9012-58A3F5C0EFAA}.Release|Any CPU.Build.0 = Release|Any CPU
		{78033C0B-A97B-4F44-9012-58A3F5C0EFAA}.Release|x64.ActiveCfg = Release|Any CPU
		{78033C0B-A97B-4F44-9012-58A3F5C0EFAA}.Release|x64.Build.0 = Release|Any CPU
		{78033C0B-A97B-4F44-9012-58A3F5C0EFAA}.Release|x86.ActiveCfg = Release|Any CPU
		{78033C0B-A97B-4F44-9012-58A3F5C0EFAA}.Release|x86.Build.0 = Release|Any CPU
		{D502A5AE-EA26-4FA4-9F15-ED7DD6D527BF}.Debug|Any CPU.ActiveCfg = Debug|Any CPU
		{D502A5AE-EA26-4FA4-9F15-ED7DD6D527BF}.Debug|Any CPU.Build.0 = Debug|Any CPU
		{D502A5AE-EA26-4FA4-9F15-ED7DD6D527BF}.Debug|x64.ActiveCfg = Debug|Any CPU
		{D502A5AE-EA26-4FA4-9F15-ED7DD6D527BF}.Debug|x64.Build.0 = Debug|Any CPU
		{D502A5AE-EA26-4FA4-9F15-ED7DD6D527BF}.Debug|x86.ActiveCfg = Debug|Any CPU
		{D502A5AE-EA26-4FA4-9F15-ED7DD6D527BF}.Debug|x86.Build.0 = Debug|Any CPU
		{D502A5AE-EA26-4FA4-9F15-ED7DD6D527BF}.Release|Any CPU.ActiveCfg = Release|Any CPU
		{D502A5AE-EA26-4FA4-9F15-ED7DD6D527BF}.Release|Any CPU.Build.0 = Release|Any CPU
		{D502A5AE-EA26-4FA4-9F15-ED7DD6D527BF}.Release|x64.ActiveCfg = Release|Any CPU
		{D502A5AE-EA26-4FA4-9F15-ED7DD6D527BF}.Release|x64.Build.0 = Release|Any CPU
		{D502A5AE-EA26-4FA4-9F15-ED7DD6D527BF}.Release|x86.ActiveCfg = Release|Any CPU
		{D502A5AE-EA26-4FA4-9F15-ED7DD6D527BF}.Release|x86.Build.0 = Release|Any CPU
		{E4FE63B1-01D8-4AAE-8D08-325942443C5A}.Debug|Any CPU.ActiveCfg = Debug|Any CPU
		{E4FE63B1-01D8-4AAE-8D08-325942443C5A}.Debug|Any CPU.Build.0 = Debug|Any CPU
		{E4FE63B1-01D8-4AAE-8D08-325942443C5A}.Debug|x64.ActiveCfg = Debug|Any CPU
		{E4FE63B1-01D8-4AAE-8D08-325942443C5A}.Debug|x64.Build.0 = Debug|Any CPU
		{E4FE63B1-01D8-4AAE-8D08-325942443C5A}.Debug|x86.ActiveCfg = Debug|Any CPU
		{E4FE63B1-01D8-4AAE-8D08-325942443C5A}.Debug|x86.Build.0 = Debug|Any CPU
		{E4FE63B1-01D8-4AAE-8D08-325942443C5A}.Release|Any CPU.ActiveCfg = Release|Any CPU
		{E4FE63B1-01D8-4AAE-8D08-325942443C5A}.Release|Any CPU.Build.0 = Release|Any CPU
		{E4FE63B1-01D8-4AAE-8D08-325942443C5A}.Release|x64.ActiveCfg = Release|Any CPU
		{E4FE63B1-01D8-4AAE-8D08-325942443C5A}.Release|x64.Build.0 = Release|Any CPU
		{E4FE63B1-01D8-4AAE-8D08-325942443C5A}.Release|x86.ActiveCfg = Release|Any CPU
		{E4FE63B1-01D8-4AAE-8D08-325942443C5A}.Release|x86.Build.0 = Release|Any CPU
		{C17C98ED-5E5D-4F8E-98B6-3422AE9BEF20}.Debug|Any CPU.ActiveCfg = Debug|Any CPU
		{C17C98ED-5E5D-4F8E-98B6-3422AE9BEF20}.Debug|Any CPU.Build.0 = Debug|Any CPU
		{C17C98ED-5E5D-4F8E-98B6-3422AE9BEF20}.Debug|x64.ActiveCfg = Debug|Any CPU
		{C17C98ED-5E5D-4F8E-98B6-3422AE9BEF20}.Debug|x64.Build.0 = Debug|Any CPU
		{C17C98ED-5E5D-4F8E-98B6-3422AE9BEF20}.Debug|x86.ActiveCfg = Debug|Any CPU
		{C17C98ED-5E5D-4F8E-98B6-3422AE9BEF20}.Debug|x86.Build.0 = Debug|Any CPU
		{C17C98ED-5E5D-4F8E-98B6-3422AE9BEF20}.Release|Any CPU.ActiveCfg = Release|Any CPU
		{C17C98ED-5E5D-4F8E-98B6-3422AE9BEF20}.Release|Any CPU.Build.0 = Release|Any CPU
		{C17C98ED-5E5D-4F8E-98B6-3422AE9BEF20}.Release|x64.ActiveCfg = Release|Any CPU
		{C17C98ED-5E5D-4F8E-98B6-3422AE9BEF20}.Release|x64.Build.0 = Release|Any CPU
		{C17C98ED-5E5D-4F8E-98B6-3422AE9BEF20}.Release|x86.ActiveCfg = Release|Any CPU
		{C17C98ED-5E5D-4F8E-98B6-3422AE9BEF20}.Release|x86.Build.0 = Release|Any CPU
		{BDBDED3C-81D7-425B-8027-31D8A60BB9AC}.Debug|Any CPU.ActiveCfg = Debug|Any CPU
		{BDBDED3C-81D7-425B-8027-31D8A60BB9AC}.Debug|Any CPU.Build.0 = Debug|Any CPU
		{BDBDED3C-81D7-425B-8027-31D8A60BB9AC}.Debug|x64.ActiveCfg = Debug|Any CPU
		{BDBDED3C-81D7-425B-8027-31D8A60BB9AC}.Debug|x64.Build.0 = Debug|Any CPU
		{BDBDED3C-81D7-425B-8027-31D8A60BB9AC}.Debug|x86.ActiveCfg = Debug|Any CPU
		{BDBDED3C-81D7-425B-8027-31D8A60BB9AC}.Debug|x86.Build.0 = Debug|Any CPU
		{BDBDED3C-81D7-425B-8027-31D8A60BB9AC}.Release|Any CPU.ActiveCfg = Release|Any CPU
		{BDBDED3C-81D7-425B-8027-31D8A60BB9AC}.Release|Any CPU.Build.0 = Release|Any CPU
		{BDBDED3C-81D7-425B-8027-31D8A60BB9AC}.Release|x64.ActiveCfg = Release|Any CPU
		{BDBDED3C-81D7-425B-8027-31D8A60BB9AC}.Release|x64.Build.0 = Release|Any CPU
		{BDBDED3C-81D7-425B-8027-31D8A60BB9AC}.Release|x86.ActiveCfg = Release|Any CPU
		{BDBDED3C-81D7-425B-8027-31D8A60BB9AC}.Release|x86.Build.0 = Release|Any CPU
		{83A13C73-4B0C-47F5-8AA8-8BDB0B45EE6D}.Debug|Any CPU.ActiveCfg = Debug|Any CPU
		{83A13C73-4B0C-47F5-8AA8-8BDB0B45EE6D}.Debug|Any CPU.Build.0 = Debug|Any CPU
		{83A13C73-4B0C-47F5-8AA8-8BDB0B45EE6D}.Debug|x64.ActiveCfg = Debug|Any CPU
		{83A13C73-4B0C-47F5-8AA8-8BDB0B45EE6D}.Debug|x64.Build.0 = Debug|Any CPU
		{83A13C73-4B0C-47F5-8AA8-8BDB0B45EE6D}.Debug|x86.ActiveCfg = Debug|Any CPU
		{83A13C73-4B0C-47F5-8AA8-8BDB0B45EE6D}.Debug|x86.Build.0 = Debug|Any CPU
		{83A13C73-4B0C-47F5-8AA8-8BDB0B45EE6D}.Release|Any CPU.ActiveCfg = Release|Any CPU
		{83A13C73-4B0C-47F5-8AA8-8BDB0B45EE6D}.Release|Any CPU.Build.0 = Release|Any CPU
		{83A13C73-4B0C-47F5-8AA8-8BDB0B45EE6D}.Release|x64.ActiveCfg = Release|Any CPU
		{83A13C73-4B0C-47F5-8AA8-8BDB0B45EE6D}.Release|x64.Build.0 = Release|Any CPU
		{83A13C73-4B0C-47F5-8AA8-8BDB0B45EE6D}.Release|x86.ActiveCfg = Release|Any CPU
		{83A13C73-4B0C-47F5-8AA8-8BDB0B45EE6D}.Release|x86.Build.0 = Release|Any CPU
		{CF3D0318-33E3-4846-BAFA-94693D7C7D12}.Debug|Any CPU.ActiveCfg = Debug|Any CPU
		{CF3D0318-33E3-4846-BAFA-94693D7C7D12}.Debug|Any CPU.Build.0 = Debug|Any CPU
		{CF3D0318-33E3-4846-BAFA-94693D7C7D12}.Debug|x64.ActiveCfg = Debug|Any CPU
		{CF3D0318-33E3-4846-BAFA-94693D7C7D12}.Debug|x64.Build.0 = Debug|Any CPU
		{CF3D0318-33E3-4846-BAFA-94693D7C7D12}.Debug|x86.ActiveCfg = Debug|Any CPU
		{CF3D0318-33E3-4846-BAFA-94693D7C7D12}.Debug|x86.Build.0 = Debug|Any CPU
		{CF3D0318-33E3-4846-BAFA-94693D7C7D12}.Release|Any CPU.ActiveCfg = Release|Any CPU
		{CF3D0318-33E3-4846-BAFA-94693D7C7D12}.Release|Any CPU.Build.0 = Release|Any CPU
		{CF3D0318-33E3-4846-BAFA-94693D7C7D12}.Release|x64.ActiveCfg = Release|Any CPU
		{CF3D0318-33E3-4846-BAFA-94693D7C7D12}.Release|x64.Build.0 = Release|Any CPU
		{CF3D0318-33E3-4846-BAFA-94693D7C7D12}.Release|x86.ActiveCfg = Release|Any CPU
		{CF3D0318-33E3-4846-BAFA-94693D7C7D12}.Release|x86.Build.0 = Release|Any CPU
		{060C9E93-BC65-46F1-AA19-13D16A139269}.Debug|Any CPU.ActiveCfg = Debug|Any CPU
		{060C9E93-BC65-46F1-AA19-13D16A139269}.Debug|Any CPU.Build.0 = Debug|Any CPU
		{060C9E93-BC65-46F1-AA19-13D16A139269}.Debug|x64.ActiveCfg = Debug|Any CPU
		{060C9E93-BC65-46F1-AA19-13D16A139269}.Debug|x64.Build.0 = Debug|Any CPU
		{060C9E93-BC65-46F1-AA19-13D16A139269}.Debug|x86.ActiveCfg = Debug|Any CPU
		{060C9E93-BC65-46F1-AA19-13D16A139269}.Debug|x86.Build.0 = Debug|Any CPU
		{060C9E93-BC65-46F1-AA19-13D16A139269}.Release|Any CPU.ActiveCfg = Release|Any CPU
		{060C9E93-BC65-46F1-AA19-13D16A139269}.Release|Any CPU.Build.0 = Release|Any CPU
		{060C9E93-BC65-46F1-AA19-13D16A139269}.Release|x64.ActiveCfg = Release|Any CPU
		{060C9E93-BC65-46F1-AA19-13D16A139269}.Release|x64.Build.0 = Release|Any CPU
		{060C9E93-BC65-46F1-AA19-13D16A139269}.Release|x86.ActiveCfg = Release|Any CPU
		{060C9E93-BC65-46F1-AA19-13D16A139269}.Release|x86.Build.0 = Release|Any CPU
		{E4A8F21E-BA9A-4F50-8E66-AD8EF11B2572}.Debug|Any CPU.ActiveCfg = Debug|Any CPU
		{E4A8F21E-BA9A-4F50-8E66-AD8EF11B2572}.Debug|Any CPU.Build.0 = Debug|Any CPU
		{E4A8F21E-BA9A-4F50-8E66-AD8EF11B2572}.Debug|x64.ActiveCfg = Debug|Any CPU
		{E4A8F21E-BA9A-4F50-8E66-AD8EF11B2572}.Debug|x64.Build.0 = Debug|Any CPU
		{E4A8F21E-BA9A-4F50-8E66-AD8EF11B2572}.Debug|x86.ActiveCfg = Debug|Any CPU
		{E4A8F21E-BA9A-4F50-8E66-AD8EF11B2572}.Debug|x86.Build.0 = Debug|Any CPU
		{E4A8F21E-BA9A-4F50-8E66-AD8EF11B2572}.Release|Any CPU.ActiveCfg = Release|Any CPU
		{E4A8F21E-BA9A-4F50-8E66-AD8EF11B2572}.Release|Any CPU.Build.0 = Release|Any CPU
		{E4A8F21E-BA9A-4F50-8E66-AD8EF11B2572}.Release|x64.ActiveCfg = Release|Any CPU
		{E4A8F21E-BA9A-4F50-8E66-AD8EF11B2572}.Release|x64.Build.0 = Release|Any CPU
		{E4A8F21E-BA9A-4F50-8E66-AD8EF11B2572}.Release|x86.ActiveCfg = Release|Any CPU
		{E4A8F21E-BA9A-4F50-8E66-AD8EF11B2572}.Release|x86.Build.0 = Release|Any CPU
		{9A3F78CA-F43C-4A72-9565-0B6AC0EAA90C}.Debug|Any CPU.ActiveCfg = Debug|Any CPU
		{9A3F78CA-F43C-4A72-9565-0B6AC0EAA90C}.Debug|Any CPU.Build.0 = Debug|Any CPU
		{9A3F78CA-F43C-4A72-9565-0B6AC0EAA90C}.Debug|x64.ActiveCfg = Debug|Any CPU
		{9A3F78CA-F43C-4A72-9565-0B6AC0EAA90C}.Debug|x64.Build.0 = Debug|Any CPU
		{9A3F78CA-F43C-4A72-9565-0B6AC0EAA90C}.Debug|x86.ActiveCfg = Debug|Any CPU
		{9A3F78CA-F43C-4A72-9565-0B6AC0EAA90C}.Debug|x86.Build.0 = Debug|Any CPU
		{9A3F78CA-F43C-4A72-9565-0B6AC0EAA90C}.Release|Any CPU.ActiveCfg = Release|Any CPU
		{9A3F78CA-F43C-4A72-9565-0B6AC0EAA90C}.Release|Any CPU.Build.0 = Release|Any CPU
		{9A3F78CA-F43C-4A72-9565-0B6AC0EAA90C}.Release|x64.ActiveCfg = Release|Any CPU
		{9A3F78CA-F43C-4A72-9565-0B6AC0EAA90C}.Release|x64.Build.0 = Release|Any CPU
		{9A3F78CA-F43C-4A72-9565-0B6AC0EAA90C}.Release|x86.ActiveCfg = Release|Any CPU
		{9A3F78CA-F43C-4A72-9565-0B6AC0EAA90C}.Release|x86.Build.0 = Release|Any CPU
		{E51DE4AE-4942-4BE1-A922-40C9FC0ABB8D}.Debug|Any CPU.ActiveCfg = Debug|Win32
		{E51DE4AE-4942-4BE1-A922-40C9FC0ABB8D}.Debug|x64.ActiveCfg = Debug|x64
		{E51DE4AE-4942-4BE1-A922-40C9FC0ABB8D}.Debug|x64.Build.0 = Debug|x64
		{E51DE4AE-4942-4BE1-A922-40C9FC0ABB8D}.Debug|x86.ActiveCfg = Debug|Win32
		{E51DE4AE-4942-4BE1-A922-40C9FC0ABB8D}.Debug|x86.Build.0 = Debug|Win32
		{E51DE4AE-4942-4BE1-A922-40C9FC0ABB8D}.Release|Any CPU.ActiveCfg = Release|Win32
		{E51DE4AE-4942-4BE1-A922-40C9FC0ABB8D}.Release|Any CPU.Build.0 = Release|Win32
		{E51DE4AE-4942-4BE1-A922-40C9FC0ABB8D}.Release|x64.ActiveCfg = Release|x64
		{E51DE4AE-4942-4BE1-A922-40C9FC0ABB8D}.Release|x64.Build.0 = Release|x64
		{E51DE4AE-4942-4BE1-A922-40C9FC0ABB8D}.Release|x86.ActiveCfg = Release|Win32
		{E51DE4AE-4942-4BE1-A922-40C9FC0ABB8D}.Release|x86.Build.0 = Release|Win32
		{BBED12A7-B381-4C65-AF28-1F89C88AA46C}.Debug|Any CPU.ActiveCfg = Debug|Any CPU
		{BBED12A7-B381-4C65-AF28-1F89C88AA46C}.Debug|Any CPU.Build.0 = Debug|Any CPU
		{BBED12A7-B381-4C65-AF28-1F89C88AA46C}.Debug|x64.ActiveCfg = Debug|Any CPU
		{BBED12A7-B381-4C65-AF28-1F89C88AA46C}.Debug|x64.Build.0 = Debug|Any CPU
		{BBED12A7-B381-4C65-AF28-1F89C88AA46C}.Debug|x86.ActiveCfg = Debug|Any CPU
		{BBED12A7-B381-4C65-AF28-1F89C88AA46C}.Debug|x86.Build.0 = Debug|Any CPU
		{BBED12A7-B381-4C65-AF28-1F89C88AA46C}.Release|Any CPU.ActiveCfg = Release|Any CPU
		{BBED12A7-B381-4C65-AF28-1F89C88AA46C}.Release|Any CPU.Build.0 = Release|Any CPU
		{BBED12A7-B381-4C65-AF28-1F89C88AA46C}.Release|x64.ActiveCfg = Release|Any CPU
		{BBED12A7-B381-4C65-AF28-1F89C88AA46C}.Release|x64.Build.0 = Release|Any CPU
		{BBED12A7-B381-4C65-AF28-1F89C88AA46C}.Release|x86.ActiveCfg = Release|Any CPU
		{BBED12A7-B381-4C65-AF28-1F89C88AA46C}.Release|x86.Build.0 = Release|Any CPU
		{9376CF30-9900-4C46-82B9-70C9416D4577}.Debug|Any CPU.ActiveCfg = Debug|Any CPU
		{9376CF30-9900-4C46-82B9-70C9416D4577}.Debug|Any CPU.Build.0 = Debug|Any CPU
		{9376CF30-9900-4C46-82B9-70C9416D4577}.Debug|x64.ActiveCfg = Debug|Any CPU
		{9376CF30-9900-4C46-82B9-70C9416D4577}.Debug|x64.Build.0 = Debug|Any CPU
		{9376CF30-9900-4C46-82B9-70C9416D4577}.Debug|x86.ActiveCfg = Debug|Any CPU
		{9376CF30-9900-4C46-82B9-70C9416D4577}.Debug|x86.Build.0 = Debug|Any CPU
		{9376CF30-9900-4C46-82B9-70C9416D4577}.Release|Any CPU.ActiveCfg = Release|Any CPU
		{9376CF30-9900-4C46-82B9-70C9416D4577}.Release|Any CPU.Build.0 = Release|Any CPU
		{9376CF30-9900-4C46-82B9-70C9416D4577}.Release|x64.ActiveCfg = Release|Any CPU
		{9376CF30-9900-4C46-82B9-70C9416D4577}.Release|x64.Build.0 = Release|Any CPU
		{9376CF30-9900-4C46-82B9-70C9416D4577}.Release|x86.ActiveCfg = Release|Any CPU
		{9376CF30-9900-4C46-82B9-70C9416D4577}.Release|x86.Build.0 = Release|Any CPU
		{27A9BF4B-2C64-444A-BCF4-05D1BC365C84}.Debug|Any CPU.ActiveCfg = Debug|Any CPU
		{27A9BF4B-2C64-444A-BCF4-05D1BC365C84}.Debug|Any CPU.Build.0 = Debug|Any CPU
		{27A9BF4B-2C64-444A-BCF4-05D1BC365C84}.Debug|x64.ActiveCfg = Debug|Any CPU
		{27A9BF4B-2C64-444A-BCF4-05D1BC365C84}.Debug|x64.Build.0 = Debug|Any CPU
		{27A9BF4B-2C64-444A-BCF4-05D1BC365C84}.Debug|x86.ActiveCfg = Debug|Any CPU
		{27A9BF4B-2C64-444A-BCF4-05D1BC365C84}.Debug|x86.Build.0 = Debug|Any CPU
		{27A9BF4B-2C64-444A-BCF4-05D1BC365C84}.Release|Any CPU.ActiveCfg = Release|Any CPU
		{27A9BF4B-2C64-444A-BCF4-05D1BC365C84}.Release|Any CPU.Build.0 = Release|Any CPU
		{27A9BF4B-2C64-444A-BCF4-05D1BC365C84}.Release|x64.ActiveCfg = Release|Any CPU
		{27A9BF4B-2C64-444A-BCF4-05D1BC365C84}.Release|x64.Build.0 = Release|Any CPU
		{27A9BF4B-2C64-444A-BCF4-05D1BC365C84}.Release|x86.ActiveCfg = Release|Any CPU
		{27A9BF4B-2C64-444A-BCF4-05D1BC365C84}.Release|x86.Build.0 = Release|Any CPU
		{BF7AF3BB-26A0-485A-A58F-7D3E29FF4237}.Debug|Any CPU.ActiveCfg = Debug|Any CPU
		{BF7AF3BB-26A0-485A-A58F-7D3E29FF4237}.Debug|Any CPU.Build.0 = Debug|Any CPU
		{BF7AF3BB-26A0-485A-A58F-7D3E29FF4237}.Debug|x64.ActiveCfg = Debug|Any CPU
		{BF7AF3BB-26A0-485A-A58F-7D3E29FF4237}.Debug|x64.Build.0 = Debug|Any CPU
		{BF7AF3BB-26A0-485A-A58F-7D3E29FF4237}.Debug|x86.ActiveCfg = Debug|Any CPU
		{BF7AF3BB-26A0-485A-A58F-7D3E29FF4237}.Debug|x86.Build.0 = Debug|Any CPU
		{BF7AF3BB-26A0-485A-A58F-7D3E29FF4237}.Release|Any CPU.ActiveCfg = Release|Any CPU
		{BF7AF3BB-26A0-485A-A58F-7D3E29FF4237}.Release|Any CPU.Build.0 = Release|Any CPU
		{BF7AF3BB-26A0-485A-A58F-7D3E29FF4237}.Release|x64.ActiveCfg = Release|Any CPU
		{BF7AF3BB-26A0-485A-A58F-7D3E29FF4237}.Release|x64.Build.0 = Release|Any CPU
		{BF7AF3BB-26A0-485A-A58F-7D3E29FF4237}.Release|x86.ActiveCfg = Release|Any CPU
		{BF7AF3BB-26A0-485A-A58F-7D3E29FF4237}.Release|x86.Build.0 = Release|Any CPU
	EndGlobalSection
	GlobalSection(SolutionProperties) = preSolution
		HideSolutionNode = FALSE
	EndGlobalSection
	GlobalSection(ExtensibilityGlobals) = postSolution
		SolutionGuid = {B837DDE5-1DE3-4752-A72B-6C98A81A1BC2}
	EndGlobalSection
EndGlobal
